
Microsoft Visual Studio Solution File, Format Version 12.00
# Visual Studio Version 17
VisualStudioVersion = 17.6.33815.320
MinimumVisualStudioVersion = 10.0.40219.1
Project("{FAE04EC0-301F-11D3-BF4B-00C04F79EFBC}") = "Practica C#", "Practica C#\Practica C#.csproj", "{F9043F1D-B8C9-4E5C-9EA8-DD2A49E9BABB}"
EndProject
Global
	GlobalSection(SolutionConfigurationPlatforms) = preSolution
		Debug|Any CPU = Debug|Any CPU
		Release|Any CPU = Release|Any CPU
	EndGlobalSection
	GlobalSection(ProjectConfigurationPlatforms) = postSolution
		{F9043F1D-B8C9-4E5C-9EA8-DD2A49E9BABB}.Debug|Any CPU.ActiveCfg = Debug|Any CPU
		{F9043F1D-B8C9-4E5C-9EA8-DD2A49E9BABB}.Debug|Any CPU.Build.0 = Debug|Any CPU
		{F9043F1D-B8C9-4E5C-9EA8-DD2A49E9BABB}.Release|Any CPU.ActiveCfg = Release|Any CPU
		{F9043F1D-B8C9-4E5C-9EA8-DD2A49E9BABB}.Release|Any CPU.Build.0 = Release|Any CPU
	EndGlobalSection
	GlobalSection(SolutionProperties) = preSolution
		HideSolutionNode = FALSE
	EndGlobalSection
	GlobalSection(ExtensibilityGlobals) = postSolution
		SolutionGuid = {C7C099FB-CC0D-4B26-B234-3A29DFD27B5E}
	EndGlobalSection
EndGlobal
